{
  "name": "checkmcserverstatus",
  "version": "1.0.0",
  "lockfileVersion": 1,
  "requires": true,
  "dependencies": {
    "minecraft-motd-util": {
      "version": "1.1.12",
      "resolved": "https://registry.npmjs.org/minecraft-motd-util/-/minecraft-motd-util-1.1.12.tgz",
      "integrity": "sha512-5TuTRjrRupSTruea0nRC37r0FdhkS1O4wIJKAYfwJRCQd/X4Zyl/dVIs96h9UVW6N8jhIuz9pNkrDsqyN7VBdA=="
    },
    "minecraft-server-util": {
      "version": "5.2.9",
      "resolved": "https://registry.npmjs.org/minecraft-server-util/-/minecraft-server-util-5.2.9.tgz",
      "integrity": "sha512-MLaST5JnTlutO8++8FRa4RBck2EM4QMfkdkJ8b4LsjSTHtZQihD/zma2Bks9weEJnH3Q0xWmb5wLScv/UNDQyg==",
      "requires": {
        "minecraft-motd-util": "^1.1.9"
      }
    }
  }
}
